Microsoft Visual Studio Solution File, Format Version 11.00
# Visual Studio 2008

Project("{1102D5FE-A64F-7C27-3625-B8BE34910BD1}") = "DrWholo", "Assembly-CSharp.csproj", "{FFC78D9C-3FA0-33E1-D04C-C3F58B0C6A60}"
EndProject
Project("{1102D5FE-A64F-7C27-3625-B8BE34910BD1}") = "DrWholo", "Assembly-CSharp-Editor.csproj", "{F397705E-D6F2-41AC-6234-3C2F4472787F}"
EndProject
Global
	GlobalSection(SolutionConfigurationPlatforms) = preSolution
		Debug|Any CPU = Debug|Any CPU
		Release|Any CPU = Release|Any CPU
	EndGlobalSection
	GlobalSection(ProjectConfigurationPlatforms) = postSolution
		{FFC78D9C-3FA0-33E1-D04C-C3F58B0C6A60}.Debug|Any CPU.ActiveCfg = Debug|Any CPU
		{FFC78D9C-3FA0-33E1-D04C-C3F58B0C6A60}.Debug|Any CPU.Build.0 = Debug|Any CPU
		{FFC78D9C-3FA0-33E1-D04C-C3F58B0C6A60}.Release|Any CPU.ActiveCfg = Release|Any CPU
		{FFC78D9C-3FA0-33E1-D04C-C3F58B0C6A60}.Release|Any CPU.Build.0 = Release|Any CPU
		{F397705E-D6F2-41AC-6234-3C2F4472787F}.Debug|Any CPU.ActiveCfg = Debug|Any CPU
		{F397705E-D6F2-41AC-6234-3C2F4472787F}.Debug|Any CPU.Build.0 = Debug|Any CPU
		{F397705E-D6F2-41AC-6234-3C2F4472787F}.Release|Any CPU.ActiveCfg = Release|Any CPU
		{F397705E-D6F2-41AC-6234-3C2F4472787F}.Release|Any CPU.Build.0 = Release|Any CPU
	EndGlobalSection
	GlobalSection(SolutionProperties) = preSolution
		HideSolutionNode = FALSE
	EndGlobalSection
	GlobalSection(MonoDevelopProperties) = preSolution
		StartupItem = Assembly-CSharp.csproj
	EndGlobalSection
EndGlobal
